
Microsoft Visual Studio Solution File, Format Version 12.00
# Visual Studio for Mac
Project("{FAE04EC0-301F-11D3-BF4B-00C04F79EFBC}") = "Assembly-CSharp-firstpass", "Assembly-CSharp-firstpass.csproj", "{C82D0999-3B20-0C5A-DA5B-F7F94D94EFB0}"
EndProject
Project("{FAE04EC0-301F-11D3-BF4B-00C04F79EFBC}") = "Assembly-CSharp", "Assembly-CSharp.csproj", "{577E9F54-47A7-D80E-C2A0-C4AEE57B3DDD}"
EndProject
Project("{FAE04EC0-301F-11D3-BF4B-00C04F79EFBC}") = "Assembly-CSharp-Editor", "Assembly-CSharp-Editor.csproj", "{380E363D-72D4-385B-7882-6F69346484C8}"
EndProject
Global
	GlobalSection(SolutionConfigurationPlatforms) = preSolution
		Debug|Any CPU = Debug|Any CPU
		Release|Any CPU = Release|Any CPU
	EndGlobalSection
	GlobalSection(ProjectConfigurationPlatforms) = postSolution
		{C82D0999-3B20-0C5A-DA5B-F7F94D94EFB0}.Debug|Any CPU.ActiveCfg = Debug|Any CPU
		{C82D0999-3B20-0C5A-DA5B-F7F94D94EFB0}.Debug|Any CPU.Build.0 = Debug|Any CPU
		{C82D0999-3B20-0C5A-DA5B-F7F94D94EFB0}.Release|Any CPU.ActiveCfg = Release|Any CPU
		{C82D0999-3B20-0C5A-DA5B-F7F94D94EFB0}.Release|Any CPU.Build.0 = Release|Any CPU
		{577E9F54-47A7-D80E-C2A0-C4AEE57B3DDD}.Debug|Any CPU.ActiveCfg = Debug|Any CPU
		{577E9F54-47A7-D80E-C2A0-C4AEE57B3DDD}.Debug|Any CPU.Build.0 = Debug|Any CPU
		{577E9F54-47A7-D80E-C2A0-C4AEE57B3DDD}.Release|Any CPU.ActiveCfg = Release|Any CPU
		{577E9F54-47A7-D80E-C2A0-C4AEE57B3DDD}.Release|Any CPU.Build.0 = Release|Any CPU
		{380E363D-72D4-385B-7882-6F69346484C8}.Debug|Any CPU.ActiveCfg = Debug|Any CPU
		{380E363D-72D4-385B-7882-6F69346484C8}.Debug|Any CPU.Build.0 = Debug|Any CPU
		{380E363D-72D4-385B-7882-6F69346484C8}.Release|Any CPU.ActiveCfg = Release|Any CPU
		{380E363D-72D4-385B-7882-6F69346484C8}.Release|Any CPU.Build.0 = Release|Any CPU
	EndGlobalSection
	GlobalSection(SolutionProperties) = preSolution
		HideSolutionNode = FALSE
	EndGlobalSection
EndGlobal
